
Microsoft Visual Studio Solution File, Format Version 12.00
# Visual Studio Version 17
VisualStudioVersion = 17.7.34202.233
MinimumVisualStudioVersion = 10.0.40219.1
Project("{9A19103F-16F7-4668-BE54-9A1E7A4F7556}") = "Tyler-Tech-Test", "Tyler-Tech-Test\Tyler-Tech-Test.csproj", "{87844739-AC99-44AB-A03C-9044BD76FE63}"
EndProject
Global
	GlobalSection(SolutionConfigurationPlatforms) = preSolution
		Debug|Any CPU = Debug|Any CPU
		Release|Any CPU = Release|Any CPU
	EndGlobalSection
	GlobalSection(ProjectConfigurationPlatforms) = postSolution
		{87844739-AC99-44AB-A03C-9044BD76FE63}.Debug|Any CPU.ActiveCfg = Debug|Any CPU
		{87844739-AC99-44AB-A03C-9044BD76FE63}.Debug|Any CPU.Build.0 = Debug|Any CPU
		{87844739-AC99-44AB-A03C-9044BD76FE63}.Release|Any CPU.ActiveCfg = Release|Any CPU
		{87844739-AC99-44AB-A03C-9044BD76FE63}.Release|Any CPU.Build.0 = Release|Any CPU
	EndGlobalSection
	GlobalSection(SolutionProperties) = preSolution
		HideSolutionNode = FALSE
	EndGlobalSection
	GlobalSection(ExtensibilityGlobals) = postSolution
		SolutionGuid = {A6A50336-B40C-4C3F-84D6-230FF4D4EA27}
	EndGlobalSection
EndGlobal
